
Microsoft Visual Studio Solution File, Format Version 12.00
# Visual Studio 15
VisualStudioVersion = 15.0.28010.2046
MinimumVisualStudioVersion = 10.0.40219.1
Project("{8BC9CEB8-8B4A-11D0-8D11-00A0C91BC942}") = "挑夹棋（莽夫）", "挑夹棋（莽夫）\挑夹棋（莽夫）.vcxproj", "{346BFD6D-2C0B-4AC1-936B-CEA047FCFB8A}"
EndProject
Global
	GlobalSection(SolutionConfigurationPlatforms) = preSolution
		Debug|x64 = Debug|x64
		Debug|x86 = Debug|x86
		Release|x64 = Release|x64
		Release|x86 = Release|x86
	EndGlobalSection
	GlobalSection(ProjectConfigurationPlatforms) = postSolution
		{346BFD6D-2C0B-4AC1-936B-CEA047FCFB8A}.Debug|x64.ActiveCfg = Debug|x64
		{346BFD6D-2C0B-4AC1-936B-CEA047FCFB8A}.Debug|x64.Build.0 = Debug|x64
		{346BFD6D-2C0B-4AC1-936B-CEA047FCFB8A}.Debug|x86.ActiveCfg = Debug|Win32
		{346BFD6D-2C0B-4AC1-936B-CEA047FCFB8A}.Debug|x86.Build.0 = Debug|Win32
		{346BFD6D-2C0B-4AC1-936B-CEA047FCFB8A}.Release|x64.ActiveCfg = Release|x64
		{346BFD6D-2C0B-4AC1-936B-CEA047FCFB8A}.Release|x64.Build.0 = Release|x64
		{346BFD6D-2C0B-4AC1-936B-CEA047FCFB8A}.Release|x86.ActiveCfg = Release|Win32
		{346BFD6D-2C0B-4AC1-936B-CEA047FCFB8A}.Release|x86.Build.0 = Release|Win32
	EndGlobalSection
	GlobalSection(SolutionProperties) = preSolution
		HideSolutionNode = FALSE
	EndGlobalSection
	GlobalSection(ExtensibilityGlobals) = postSolution
		SolutionGuid = {3157F161-6394-4D49-B2C4-CCAB8D56CAA0}
	EndGlobalSection
EndGlobal
